
Microsoft Visual Studio Solution File, Format Version 12.00
# Visual Studio Version 16
VisualStudioVersion = 16.0.31702.278
MinimumVisualStudioVersion = 10.0.40219.1
Project("{FAE04EC0-301F-11D3-BF4B-00C04F79EFBC}") = "sandboxAPi", "sandboxAPi\sandboxAPi.csproj", "{1107AA27-3159-485F-B826-2133C5BEA981}"
EndProject
Global
	GlobalSection(SolutionConfigurationPlatforms) = preSolution
		Debug|Any CPU = Debug|Any CPU
		Release|Any CPU = Release|Any CPU
	EndGlobalSection
	GlobalSection(ProjectConfigurationPlatforms) = postSolution
		{1107AA27-3159-485F-B826-2133C5BEA981}.Debug|Any CPU.ActiveCfg = Debug|Any CPU
		{1107AA27-3159-485F-B826-2133C5BEA981}.Debug|Any CPU.Build.0 = Debug|Any CPU
		{1107AA27-3159-485F-B826-2133C5BEA981}.Release|Any CPU.ActiveCfg = Release|Any CPU
		{1107AA27-3159-485F-B826-2133C5BEA981}.Release|Any CPU.Build.0 = Release|Any CPU
	EndGlobalSection
	GlobalSection(SolutionProperties) = preSolution
		HideSolutionNode = FALSE
	EndGlobalSection
	GlobalSection(ExtensibilityGlobals) = postSolution
		SolutionGuid = {18B18F46-2A5B-4801-83C9-70F102061B97}
	EndGlobalSection
EndGlobal
