
Microsoft Visual Studio Solution File, Format Version 12.00
# Visual Studio Version 16
VisualStudioVersion = 16.0.31702.278
MinimumVisualStudioVersion = 10.0.40219.1
Project("{FAE04EC0-301F-11D3-BF4B-00C04F79EFBC}") = "JsonListManipulation", "JsonListManipulation\JsonListManipulation.csproj", "{52496E79-B4C7-45F4-A56D-F73A1B0B1AE3}"
EndProject
Global
	GlobalSection(SolutionConfigurationPlatforms) = preSolution
		Debug|Any CPU = Debug|Any CPU
		Release|Any CPU = Release|Any CPU
	EndGlobalSection
	GlobalSection(ProjectConfigurationPlatforms) = postSolution
		{52496E79-B4C7-45F4-A56D-F73A1B0B1AE3}.Debug|Any CPU.ActiveCfg = Debug|Any CPU
		{52496E79-B4C7-45F4-A56D-F73A1B0B1AE3}.Debug|Any CPU.Build.0 = Debug|Any CPU
		{52496E79-B4C7-45F4-A56D-F73A1B0B1AE3}.Release|Any CPU.ActiveCfg = Release|Any CPU
		{52496E79-B4C7-45F4-A56D-F73A1B0B1AE3}.Release|Any CPU.Build.0 = Release|Any CPU
	EndGlobalSection
	GlobalSection(SolutionProperties) = preSolution
		HideSolutionNode = FALSE
	EndGlobalSection
	GlobalSection(ExtensibilityGlobals) = postSolution
		SolutionGuid = {0EF41597-D4AD-43E7-99F0-7A54A74AC923}
	EndGlobalSection
EndGlobal
